
Microsoft Visual Studio Solution File, Format Version 12.00
# Visual Studio Version 17
VisualStudioVersion = 17.0.31903.59
MinimumVisualStudioVersion = 10.0.40219.1
Project("{FAE04EC0-301F-11D3-BF4B-00C04F79EFBC}") = "App.Api", "App.Api\App.Api.csproj", "{FCCD531C-E433-48A1-9E3F-900CDDFEB14C}"
EndProject
Project("{FAE04EC0-301F-11D3-BF4B-00C04F79EFBC}") = "App.SharedKernel", "App.SharedKernel\App.SharedKernel.csproj", "{93F75A53-C781-41D1-A7C6-399BB5DE21C9}"
EndProject
Project("{FAE04EC0-301F-11D3-BF4B-00C04F79EFBC}") = "App.Modules.Users.Application", "Modules\Users\App.Modules.Users.Application\App.Modules.Users.Application.csproj", "{757CA987-BF8D-4431-811F-94F9082E794A}"
EndProject
Project("{FAE04EC0-301F-11D3-BF4B-00C04F79EFBC}") = "App.Modules.Users.Domain", "Modules\Users\App.Modules.Users.Domain\App.Modules.Users.Domain.csproj", "{7F4EA173-C534-4C29-8A1F-2DD57236BA73}"
EndProject
Project("{FAE04EC0-301F-11D3-BF4B-00C04F79EFBC}") = "App.Modules.Users.Infrastructure", "Modules\Users\App.Modules.Users.Infrastructure\App.Modules.Users.Infrastructure.csproj", "{18FAC03A-A71B-4FA0-925A-3ADA2C7CEB35}"
EndProject
Project("{2150E333-8FDC-42A3-9474-1A3956D46DE8}") = "Modules", "Modules", "{FA5E233B-3EFF-4C3D-AF68-71BE0A8A81F4}"
EndProject
Project("{2150E333-8FDC-42A3-9474-1A3956D46DE8}") = "Users", "Users", "{D6B42944-301B-4D28-BAE2-23B0C5CC1297}"
EndProject
	

Global
	GlobalSection(SolutionConfigurationPlatforms) = preSolution
		Debug|Any CPU = Debug|Any CPU
		Release|Any CPU = Release|Any CPU
	EndGlobalSection
	GlobalSection(SolutionProperties) = preSolution
		HideSolutionNode = FALSE
	EndGlobalSection
	GlobalSection(ProjectConfigurationPlatforms) = postSolution
		{FCCD531C-E433-48A1-9E3F-900CDDFEB14C}.Debug|Any CPU.ActiveCfg = Debug|Any CPU
		{FCCD531C-E433-48A1-9E3F-900CDDFEB14C}.Debug|Any CPU.Build.0 = Debug|Any CPU
		{FCCD531C-E433-48A1-9E3F-900CDDFEB14C}.Release|Any CPU.ActiveCfg = Release|Any CPU
		{FCCD531C-E433-48A1-9E3F-900CDDFEB14C}.Release|Any CPU.Build.0 = Release|Any CPU
		{93F75A53-C781-41D1-A7C6-399BB5DE21C9}.Debug|Any CPU.ActiveCfg = Debug|Any CPU
		{93F75A53-C781-41D1-A7C6-399BB5DE21C9}.Debug|Any CPU.Build.0 = Debug|Any CPU
		{93F75A53-C781-41D1-A7C6-399BB5DE21C9}.Release|Any CPU.ActiveCfg = Release|Any CPU
		{93F75A53-C781-41D1-A7C6-399BB5DE21C9}.Release|Any CPU.Build.0 = Release|Any CPU
		{757CA987-BF8D-4431-811F-94F9082E794A}.Debug|Any CPU.ActiveCfg = Debug|Any CPU
		{757CA987-BF8D-4431-811F-94F9082E794A}.Debug|Any CPU.Build.0 = Debug|Any CPU
		{757CA987-BF8D-4431-811F-94F9082E794A}.Release|Any CPU.ActiveCfg = Release|Any CPU
		{757CA987-BF8D-4431-811F-94F9082E794A}.Release|Any CPU.Build.0 = Release|Any CPU
		{7F4EA173-C534-4C29-8A1F-2DD57236BA73}.Debug|Any CPU.ActiveCfg = Debug|Any CPU
		{7F4EA173-C534-4C29-8A1F-2DD57236BA73}.Debug|Any CPU.Build.0 = Debug|Any CPU
		{7F4EA173-C534-4C29-8A1F-2DD57236BA73}.Release|Any CPU.ActiveCfg = Release|Any CPU
		{7F4EA173-C534-4C29-8A1F-2DD57236BA73}.Release|Any CPU.Build.0 = Release|Any CPU
		{18FAC03A-A71B-4FA0-925A-3ADA2C7CEB35}.Debug|Any CPU.ActiveCfg = Debug|Any CPU
		{18FAC03A-A71B-4FA0-925A-3ADA2C7CEB35}.Debug|Any CPU.Build.0 = Debug|Any CPU
		{18FAC03A-A71B-4FA0-925A-3ADA2C7CEB35}.Release|Any CPU.ActiveCfg = Release|Any CPU
		{18FAC03A-A71B-4FA0-925A-3ADA2C7CEB35}.Release|Any CPU.Build.0 = Release|Any CPU
								
	EndGlobalSection
				
	GlobalSection(NestedProjects) = preSolution
		{D6B42944-301B-4D28-BAE2-23B0C5CC1297} = {FA5E233B-3EFF-4C3D-AF68-71BE0A8A81F4}
		{757CA987-BF8D-4431-811F-94F9082E794A} = {D6B42944-301B-4D28-BAE2-23B0C5CC1297}
		{7F4EA173-C534-4C29-8A1F-2DD57236BA73} = {D6B42944-301B-4D28-BAE2-23B0C5CC1297}
		{18FAC03A-A71B-4FA0-925A-3ADA2C7CEB35} = {D6B42944-301B-4D28-BAE2-23B0C5CC1297}
	EndGlobalSection
EndGlobal
