
Microsoft Visual Studio Solution File, Format Version 12.00
# Visual Studio Version 17
VisualStudioVersion = 17.0.31903.59
MinimumVisualStudioVersion = 10.0.40219.1
Project("{FAE04EC0-301F-11D3-BF4B-00C04F79EFBC}") = "App.Api", "App.Api\App.Api.csproj", "{FCCD531C-E433-48A1-9E3F-900CDDFEB14C}"
EndProject
Project("{FAE04EC0-301F-11D3-BF4B-00C04F79EFBC}") = "App.SharedKernel", "App.SharedKernel\App.SharedKernel.csproj", "{93F75A53-C781-41D1-A7C6-399BB5DE21C9}"
EndProject
Project("{FAE04EC0-301F-11D3-BF4B-00C04F79EFBC}") = "App.Modules.Identity.Application", "Modules\Identity\App.Modules.Identity.Application\App.Modules.Identity.Application.csproj", "{F1B647E8-6C73-4F4D-AB8B-7F65BE90EED1}"
EndProject
Project("{FAE04EC0-301F-11D3-BF4B-00C04F79EFBC}") = "App.Modules.Identity.Infrastructure", "Modules\Identity\App.Modules.Identity.Infrastructure\App.Modules.Identity.Infrastructure.csproj", "{5B5E5A3D-7A03-4B7F-9C8B-2C97B9484F03}"
EndProject
Project("{FAE04EC0-301F-11D3-BF4B-00C04F79EFBC}") = "App.Modules.Identity.Domain", "Modules\Identity\App.Modules.Identity.Domain\App.Modules.Identity.Domain.csproj", "{07A2E0A4-BA2C-4F13-8B32-14F2E991D0E5}"
EndProject
Project("{2150E333-8FDC-42A3-9474-1A3956D46DE8}") = "Modules", "Modules", "{FA5E233B-3EFF-4C3D-AF68-71BE0A8A81F4}"
EndProject
Project("{2150E333-8FDC-42A3-9474-1A3956D46DE8}") = "Identity", "Identity", "{6B9F0B85-9B64-4FE6-85B2-2C3DF9DABDAE}"
EndProject
	

Global
	GlobalSection(SolutionConfigurationPlatforms) = preSolution
		Debug|Any CPU = Debug|Any CPU
		Release|Any CPU = Release|Any CPU
	EndGlobalSection
	GlobalSection(SolutionProperties) = preSolution
		HideSolutionNode = FALSE
	EndGlobalSection
	GlobalSection(ProjectConfigurationPlatforms) = postSolution
		{FCCD531C-E433-48A1-9E3F-900CDDFEB14C}.Debug|Any CPU.ActiveCfg = Debug|Any CPU
		{FCCD531C-E433-48A1-9E3F-900CDDFEB14C}.Debug|Any CPU.Build.0 = Debug|Any CPU
		{FCCD531C-E433-48A1-9E3F-900CDDFEB14C}.Release|Any CPU.ActiveCfg = Release|Any CPU
		{FCCD531C-E433-48A1-9E3F-900CDDFEB14C}.Release|Any CPU.Build.0 = Release|Any CPU
		{93F75A53-C781-41D1-A7C6-399BB5DE21C9}.Debug|Any CPU.ActiveCfg = Debug|Any CPU
		{93F75A53-C781-41D1-A7C6-399BB5DE21C9}.Debug|Any CPU.Build.0 = Debug|Any CPU
		{93F75A53-C781-41D1-A7C6-399BB5DE21C9}.Release|Any CPU.ActiveCfg = Release|Any CPU
		{93F75A53-C781-41D1-A7C6-399BB5DE21C9}.Release|Any CPU.Build.0 = Release|Any CPU
        {F1B647E8-6C73-4F4D-AB8B-7F65BE90EED1}.Debug|Any CPU.ActiveCfg = Debug|Any CPU
        {F1B647E8-6C73-4F4D-AB8B-7F65BE90EED1}.Debug|Any CPU.Build.0 = Debug|Any CPU
        {F1B647E8-6C73-4F4D-AB8B-7F65BE90EED1}.Release|Any CPU.ActiveCfg = Release|Any CPU
        {F1B647E8-6C73-4F4D-AB8B-7F65BE90EED1}.Release|Any CPU.Build.0 = Release|Any CPU
        {5B5E5A3D-7A03-4B7F-9C8B-2C97B9484F03}.Debug|Any CPU.ActiveCfg = Debug|Any CPU
        {5B5E5A3D-7A03-4B7F-9C8B-2C97B9484F03}.Debug|Any CPU.Build.0 = Debug|Any CPU
        {5B5E5A3D-7A03-4B7F-9C8B-2C97B9484F03}.Release|Any CPU.ActiveCfg = Release|Any CPU
        {5B5E5A3D-7A03-4B7F-9C8B-2C97B9484F03}.Release|Any CPU.Build.0 = Release|Any CPU
        {07A2E0A4-BA2C-4F13-8B32-14F2E991D0E5}.Debug|Any CPU.ActiveCfg = Debug|Any CPU
        {07A2E0A4-BA2C-4F13-8B32-14F2E991D0E5}.Debug|Any CPU.Build.0 = Debug|Any CPU
        {07A2E0A4-BA2C-4F13-8B32-14F2E991D0E5}.Release|Any CPU.ActiveCfg = Release|Any CPU
        {07A2E0A4-BA2C-4F13-8B32-14F2E991D0E5}.Release|Any CPU.Build.0 = Release|Any CPU
								
	EndGlobalSection
				
	GlobalSection(NestedProjects) = preSolution
        {6B9F0B85-9B64-4FE6-85B2-2C3DF9DABDAE} = {FA5E233B-3EFF-4C3D-AF68-71BE0A8A81F4}
        {F1B647E8-6C73-4F4D-AB8B-7F65BE90EED1} = {6B9F0B85-9B64-4FE6-85B2-2C3DF9DABDAE}
        {5B5E5A3D-7A03-4B7F-9C8B-2C97B9484F03} = {6B9F0B85-9B64-4FE6-85B2-2C3DF9DABDAE}
        {07A2E0A4-BA2C-4F13-8B32-14F2E991D0E5} = {6B9F0B85-9B64-4FE6-85B2-2C3DF9DABDAE}
	EndGlobalSection
EndGlobal
